{
  "name": "catchstar",
  "version": "1.0.0",
  "lockfileVersion": 1,
  "requires": true,
  "dependencies": {
    "@types/node": {
      "version": "9.3.0",
      "resolved": "http://registry.npm.taobao.org/@types/node/download/@types/node-9.3.0.tgz",
      "integrity": "sha1-OhKc2nxOXfJAlwJiaJLLS5ZUbdU="
    },
    "@types/socket.io": {
      "version": "1.4.31",
      "resolved": "http://registry.npm.taobao.org/@types/socket.io/download/@types/socket.io-1.4.31.tgz",
      "integrity": "sha1-epKFGKNVFvzNkEMflFOO0/3auhk=",
      "requires": {
        "@types/node": "9.3.0"
      }
    }
  }
}
